
Microsoft Visual Studio Solution File, Format Version 12.00
# Visual Studio 14
VisualStudioVersion = 14.0.25123.0
MinimumVisualStudioVersion = 10.0.40219.1
Project("{FAE04EC0-301F-11D3-BF4B-00C04F79EFBC}") = "TheCakesWizard", "TheCakesWizard\TheCakesWizard\TheCakesWizard.csproj", "{E07FCBFA-89EC-445F-839A-4FA089B77505}"
EndProject
Project("{FAE04EC0-301F-11D3-BF4B-00C04F79EFBC}") = "TheCakesWizard.Droid", "TheCakesWizard\TheCakesWizard.Droid\TheCakesWizard.Droid.csproj", "{FC315C2E-0B66-4E89-A8B0-7ABB718B67EC}"
EndProject
Project("{FAE04EC0-301F-11D3-BF4B-00C04F79EFBC}") = "TheCakesWizard.iOS", "TheCakesWizard\TheCakesWizard.iOS\TheCakesWizard.iOS.csproj", "{FE4658F8-0D12-4E34-B487-FF5816E5750A}"
EndProject
Project("{FAE04EC0-301F-11D3-BF4B-00C04F79EFBC}") = "TheCakesWizard.UWP", "TheCakesWizard\TheCakesWizard.UWP\TheCakesWizard.UWP.csproj", "{4E83DE06-9A9E-4342-9284-E56F3125B079}"
EndProject
Global
	GlobalSection(SolutionConfigurationPlatforms) = preSolution
		Ad-Hoc|Any CPU = Ad-Hoc|Any CPU
		Ad-Hoc|ARM = Ad-Hoc|ARM
		Ad-Hoc|iPhone = Ad-Hoc|iPhone
		Ad-Hoc|iPhoneSimulator = Ad-Hoc|iPhoneSimulator
		Ad-Hoc|x64 = Ad-Hoc|x64
		Ad-Hoc|x86 = Ad-Hoc|x86
		AppStore|Any CPU = AppStore|Any CPU
		AppStore|ARM = AppStore|ARM
		AppStore|iPhone = AppStore|iPhone
		AppStore|iPhoneSimulator = AppStore|iPhoneSimulator
		AppStore|x64 = AppStore|x64
		AppStore|x86 = AppStore|x86
		Debug|Any CPU = Debug|Any CPU
		Debug|ARM = Debug|ARM
		Debug|iPhone = Debug|iPhone
		Debug|iPhoneSimulator = Debug|iPhoneSimulator
		Debug|x64 = Debug|x64
		Debug|x86 = Debug|x86
		Release|Any CPU = Release|Any CPU
		Release|ARM = Release|ARM
		Release|iPhone = Release|iPhone
		Release|iPhoneSimulator = Release|iPhoneSimulator
		Release|x64 = Release|x64
		Release|x86 = Release|x86
	EndGlobalSection
	GlobalSection(ProjectConfigurationPlatforms) = postSolution
		{E07FCBFA-89EC-445F-839A-4FA089B77505}.Ad-Hoc|Any CPU.ActiveCfg = Release|Any CPU
		{E07FCBFA-89EC-445F-839A-4FA089B77505}.Ad-Hoc|Any CPU.Build.0 = Release|Any CPU
		{E07FCBFA-89EC-445F-839A-4FA089B77505}.Ad-Hoc|ARM.ActiveCfg = Release|Any CPU
		{E07FCBFA-89EC-445F-839A-4FA089B77505}.Ad-Hoc|ARM.Build.0 = Release|Any CPU
		{E07FCBFA-89EC-445F-839A-4FA089B77505}.Ad-Hoc|iPhone.ActiveCfg = Release|Any CPU
		{E07FCBFA-89EC-445F-839A-4FA089B77505}.Ad-Hoc|iPhone.Build.0 = Release|Any CPU
		{E07FCBFA-89EC-445F-839A-4FA089B77505}.Ad-Hoc|iPhoneSimulator.ActiveCfg = Release|Any CPU
		{E07FCBFA-89EC-445F-839A-4FA089B77505}.Ad-Hoc|iPhoneSimulator.Build.0 = Release|Any CPU
		{E07FCBFA-89EC-445F-839A-4FA089B77505}.Ad-Hoc|x64.ActiveCfg = Release|Any CPU
		{E07FCBFA-89EC-445F-839A-4FA089B77505}.Ad-Hoc|x64.Build.0 = Release|Any CPU
		{E07FCBFA-89EC-445F-839A-4FA089B77505}.Ad-Hoc|x86.ActiveCfg = Release|Any CPU
		{E07FCBFA-89EC-445F-839A-4FA089B77505}.Ad-Hoc|x86.Build.0 = Release|Any CPU
		{E07FCBFA-89EC-445F-839A-4FA089B77505}.AppStore|Any CPU.ActiveCfg = Release|Any CPU
		{E07FCBFA-89EC-445F-839A-4FA089B77505}.AppStore|Any CPU.Build.0 = Release|Any CPU
		{E07FCBFA-89EC-445F-839A-4FA089B77505}.AppStore|ARM.ActiveCfg = Release|Any CPU
		{E07FCBFA-89EC-445F-839A-4FA089B77505}.AppStore|ARM.Build.0 = Release|Any CPU
		{E07FCBFA-89EC-445F-839A-4FA089B77505}.AppStore|iPhone.ActiveCfg = Release|Any CPU
		{E07FCBFA-89EC-445F-839A-4FA089B77505}.AppStore|iPhone.Build.0 = Release|Any CPU
		{E07FCBFA-89EC-445F-839A-4FA089B77505}.AppStore|iPhoneSimulator.ActiveCfg = Release|Any CPU
		{E07FCBFA-89EC-445F-839A-4FA089B77505}.AppStore|iPhoneSimulator.Build.0 = Release|Any CPU
		{E07FCBFA-89EC-445F-839A-4FA089B77505}.AppStore|x64.ActiveCfg = Release|Any CPU
		{E07FCBFA-89EC-445F-839A-4FA089B77505}.AppStore|x64.Build.0 = Release|Any CPU
		{E07FCBFA-89EC-445F-839A-4FA089B77505}.AppStore|x86.ActiveCfg = Release|Any CPU
		{E07FCBFA-89EC-445F-839A-4FA089B77505}.AppStore|x86.Build.0 = Release|Any CPU
		{E07FCBFA-89EC-445F-839A-4FA089B77505}.Debug|Any CPU.ActiveCfg = Debug|Any CPU
		{E07FCBFA-89EC-445F-839A-4FA089B77505}.Debug|Any CPU.Build.0 = Debug|Any CPU
		{E07FCBFA-89EC-445F-839A-4FA089B77505}.Debug|Any CPU.Deploy.0 = Debug|Any CPU
		{E07FCBFA-89EC-445F-839A-4FA089B77505}.Debug|ARM.ActiveCfg = Debug|Any CPU
		{E07FCBFA-89EC-445F-839A-4FA089B77505}.Debug|ARM.Build.0 = Debug|Any CPU
		{E07FCBFA-89EC-445F-839A-4FA089B77505}.Debug|iPhone.ActiveCfg = Debug|Any CPU
		{E07FCBFA-89EC-445F-839A-4FA089B77505}.Debug|iPhone.Build.0 = Debug|Any CPU
		{E07FCBFA-89EC-445F-839A-4FA089B77505}.Debug|iPhoneSimulator.ActiveCfg = Debug|Any CPU
		{E07FCBFA-89EC-445F-839A-4FA089B77505}.Debug|iPhoneSimulator.Build.0 = Debug|Any CPU
		{E07FCBFA-89EC-445F-839A-4FA089B77505}.Debug|x64.ActiveCfg = Debug|Any CPU
		{E07FCBFA-89EC-445F-839A-4FA089B77505}.Debug|x64.Build.0 = Debug|Any CPU
		{E07FCBFA-89EC-445F-839A-4FA089B77505}.Debug|x86.ActiveCfg = Debug|Any CPU
		{E07FCBFA-89EC-445F-839A-4FA089B77505}.Debug|x86.Build.0 = Debug|Any CPU
		{E07FCBFA-89EC-445F-839A-4FA089B77505}.Release|Any CPU.ActiveCfg = Release|Any CPU
		{E07FCBFA-89EC-445F-839A-4FA089B77505}.Release|Any CPU.Build.0 = Release|Any CPU
		{E07FCBFA-89EC-445F-839A-4FA089B77505}.Release|ARM.ActiveCfg = Release|Any CPU
		{E07FCBFA-89EC-445F-839A-4FA089B77505}.Release|ARM.Build.0 = Release|Any CPU
		{E07FCBFA-89EC-445F-839A-4FA089B77505}.Release|iPhone.ActiveCfg = Release|Any CPU
		{E07FCBFA-89EC-445F-839A-4FA089B77505}.Release|iPhone.Build.0 = Release|Any CPU
		{E07FCBFA-89EC-445F-839A-4FA089B77505}.Release|iPhoneSimulator.ActiveCfg = Release|Any CPU
		{E07FCBFA-89EC-445F-839A-4FA089B77505}.Release|iPhoneSimulator.Build.0 = Release|Any CPU
		{E07FCBFA-89EC-445F-839A-4FA089B77505}.Release|x64.ActiveCfg = Release|Any CPU
		{E07FCBFA-89EC-445F-839A-4FA089B77505}.Release|x64.Build.0 = Release|Any CPU
		{E07FCBFA-89EC-445F-839A-4FA089B77505}.Release|x86.ActiveCfg = Release|Any CPU
		{E07FCBFA-89EC-445F-839A-4FA089B77505}.Release|x86.Build.0 = Release|Any CPU
		{FC315C2E-0B66-4E89-A8B0-7ABB718B67EC}.Ad-Hoc|Any CPU.ActiveCfg = Release|Any CPU
		{FC315C2E-0B66-4E89-A8B0-7ABB718B67EC}.Ad-Hoc|Any CPU.Build.0 = Release|Any CPU
		{FC315C2E-0B66-4E89-A8B0-7ABB718B67EC}.Ad-Hoc|Any CPU.Deploy.0 = Release|Any CPU
		{FC315C2E-0B66-4E89-A8B0-7ABB718B67EC}.Ad-Hoc|ARM.ActiveCfg = Release|Any CPU
		{FC315C2E-0B66-4E89-A8B0-7ABB718B67EC}.Ad-Hoc|ARM.Build.0 = Release|Any CPU
		{FC315C2E-0B66-4E89-A8B0-7ABB718B67EC}.Ad-Hoc|ARM.Deploy.0 = Release|Any CPU
		{FC315C2E-0B66-4E89-A8B0-7ABB718B67EC}.Ad-Hoc|iPhone.ActiveCfg = Release|Any CPU
		{FC315C2E-0B66-4E89-A8B0-7ABB718B67EC}.Ad-Hoc|iPhone.Build.0 = Release|Any CPU
		{FC315C2E-0B66-4E89-A8B0-7ABB718B67EC}.Ad-Hoc|iPhone.Deploy.0 = Release|Any CPU
		{FC315C2E-0B66-4E89-A8B0-7ABB718B67EC}.Ad-Hoc|iPhoneSimulator.ActiveCfg = Release|Any CPU
		{FC315C2E-0B66-4E89-A8B0-7ABB718B67EC}.Ad-Hoc|iPhoneSimulator.Build.0 = Release|Any CPU
		{FC315C2E-0B66-4E89-A8B0-7ABB718B67EC}.Ad-Hoc|iPhoneSimulator.Deploy.0 = Release|Any CPU
		{FC315C2E-0B66-4E89-A8B0-7ABB718B67EC}.Ad-Hoc|x64.ActiveCfg = Release|Any CPU
		{FC315C2E-0B66-4E89-A8B0-7ABB718B67EC}.Ad-Hoc|x64.Build.0 = Release|Any CPU
		{FC315C2E-0B66-4E89-A8B0-7ABB718B67EC}.Ad-Hoc|x64.Deploy.0 = Release|Any CPU
		{FC315C2E-0B66-4E89-A8B0-7ABB718B67EC}.Ad-Hoc|x86.ActiveCfg = Release|Any CPU
		{FC315C2E-0B66-4E89-A8B0-7ABB718B67EC}.Ad-Hoc|x86.Build.0 = Release|Any CPU
		{FC315C2E-0B66-4E89-A8B0-7ABB718B67EC}.Ad-Hoc|x86.Deploy.0 = Release|Any CPU
		{FC315C2E-0B66-4E89-A8B0-7ABB718B67EC}.AppStore|Any CPU.ActiveCfg = Release|Any CPU
		{FC315C2E-0B66-4E89-A8B0-7ABB718B67EC}.AppStore|Any CPU.Build.0 = Release|Any CPU
		{FC315C2E-0B66-4E89-A8B0-7ABB718B67EC}.AppStore|Any CPU.Deploy.0 = Release|Any CPU
		{FC315C2E-0B66-4E89-A8B0-7ABB718B67EC}.AppStore|ARM.ActiveCfg = Release|Any CPU
		{FC315C2E-0B66-4E89-A8B0-7ABB718B67EC}.AppStore|ARM.Build.0 = Release|Any CPU
		{FC315C2E-0B66-4E89-A8B0-7ABB718B67EC}.AppStore|ARM.Deploy.0 = Release|Any CPU
		{FC315C2E-0B66-4E89-A8B0-7ABB718B67EC}.AppStore|iPhone.ActiveCfg = Release|Any CPU
		{FC315C2E-0B66-4E89-A8B0-7ABB718B67EC}.AppStore|iPhone.Build.0 = Release|Any CPU
		{FC315C2E-0B66-4E89-A8B0-7ABB718B67EC}.AppStore|iPhone.Deploy.0 = Release|Any CPU
		{FC315C2E-0B66-4E89-A8B0-7ABB718B67EC}.AppStore|iPhoneSimulator.ActiveCfg = Release|Any CPU
		{FC315C2E-0B66-4E89-A8B0-7ABB718B67EC}.AppStore|iPhoneSimulator.Build.0 = Release|Any CPU
		{FC315C2E-0B66-4E89-A8B0-7ABB718B67EC}.AppStore|iPhoneSimulator.Deploy.0 = Release|Any CPU
		{FC315C2E-0B66-4E89-A8B0-7ABB718B67EC}.AppStore|x64.ActiveCfg = Release|Any CPU
		{FC315C2E-0B66-4E89-A8B0-7ABB718B67EC}.AppStore|x64.Build.0 = Release|Any CPU
		{FC315C2E-0B66-4E89-A8B0-7ABB718B67EC}.AppStore|x64.Deploy.0 = Release|Any CPU
		{FC315C2E-0B66-4E89-A8B0-7ABB718B67EC}.AppStore|x86.ActiveCfg = Release|Any CPU
		{FC315C2E-0B66-4E89-A8B0-7ABB718B67EC}.AppStore|x86.Build.0 = Release|Any CPU
		{FC315C2E-0B66-4E89-A8B0-7ABB718B67EC}.AppStore|x86.Deploy.0 = Release|Any CPU
		{FC315C2E-0B66-4E89-A8B0-7ABB718B67EC}.Debug|Any CPU.ActiveCfg = Debug|Any CPU
		{FC315C2E-0B66-4E89-A8B0-7ABB718B67EC}.Debug|Any CPU.Build.0 = Debug|Any CPU
		{FC315C2E-0B66-4E89-A8B0-7ABB718B67EC}.Debug|Any CPU.Deploy.0 = Debug|Any CPU
		{FC315C2E-0B66-4E89-A8B0-7ABB718B67EC}.Debug|ARM.ActiveCfg = Debug|Any CPU
		{FC315C2E-0B66-4E89-A8B0-7ABB718B67EC}.Debug|ARM.Build.0 = Debug|Any CPU
		{FC315C2E-0B66-4E89-A8B0-7ABB718B67EC}.Debug|ARM.Deploy.0 = Debug|Any CPU
		{FC315C2E-0B66-4E89-A8B0-7ABB718B67EC}.Debug|iPhone.ActiveCfg = Debug|Any CPU
		{FC315C2E-0B66-4E89-A8B0-7ABB718B67EC}.Debug|iPhone.Build.0 = Debug|Any CPU
		{FC315C2E-0B66-4E89-A8B0-7ABB718B67EC}.Debug|iPhone.Deploy.0 = Debug|Any CPU
		{FC315C2E-0B66-4E89-A8B0-7ABB718B67EC}.Debug|iPhoneSimulator.ActiveCfg = Debug|Any CPU
		{FC315C2E-0B66-4E89-A8B0-7ABB718B67EC}.Debug|iPhoneSimulator.Build.0 = Debug|Any CPU
		{FC315C2E-0B66-4E89-A8B0-7ABB718B67EC}.Debug|iPhoneSimulator.Deploy.0 = Debug|Any CPU
		{FC315C2E-0B66-4E89-A8B0-7ABB718B67EC}.Debug|x64.ActiveCfg = Debug|Any CPU
		{FC315C2E-0B66-4E89-A8B0-7ABB718B67EC}.Debug|x64.Build.0 = Debug|Any CPU
		{FC315C2E-0B66-4E89-A8B0-7ABB718B67EC}.Debug|x64.Deploy.0 = Debug|Any CPU
		{FC315C2E-0B66-4E89-A8B0-7ABB718B67EC}.Debug|x86.ActiveCfg = Debug|Any CPU
		{FC315C2E-0B66-4E89-A8B0-7ABB718B67EC}.Debug|x86.Build.0 = Debug|Any CPU
		{FC315C2E-0B66-4E89-A8B0-7ABB718B67EC}.Debug|x86.Deploy.0 = Debug|Any CPU
		{FC315C2E-0B66-4E89-A8B0-7ABB718B67EC}.Release|Any CPU.ActiveCfg = Release|Any CPU
		{FC315C2E-0B66-4E89-A8B0-7ABB718B67EC}.Release|Any CPU.Build.0 = Release|Any CPU
		{FC315C2E-0B66-4E89-A8B0-7ABB718B67EC}.Release|Any CPU.Deploy.0 = Release|Any CPU
		{FC315C2E-0B66-4E89-A8B0-7ABB718B67EC}.Release|ARM.ActiveCfg = Release|Any CPU
		{FC315C2E-0B66-4E89-A8B0-7ABB718B67EC}.Release|ARM.Build.0 = Release|Any CPU
		{FC315C2E-0B66-4E89-A8B0-7ABB718B67EC}.Release|ARM.Deploy.0 = Release|Any CPU
		{FC315C2E-0B66-4E89-A8B0-7ABB718B67EC}.Release|iPhone.ActiveCfg = Release|Any CPU
		{FC315C2E-0B66-4E89-A8B0-7ABB718B67EC}.Release|iPhone.Build.0 = Release|Any CPU
		{FC315C2E-0B66-4E89-A8B0-7ABB718B67EC}.Release|iPhone.Deploy.0 = Release|Any CPU
		{FC315C2E-0B66-4E89-A8B0-7ABB718B67EC}.Release|iPhoneSimulator.ActiveCfg = Release|Any CPU
		{FC315C2E-0B66-4E89-A8B0-7ABB718B67EC}.Release|iPhoneSimulator.Build.0 = Release|Any CPU
		{FC315C2E-0B66-4E89-A8B0-7ABB718B67EC}.Release|iPhoneSimulator.Deploy.0 = Release|Any CPU
		{FC315C2E-0B66-4E89-A8B0-7ABB718B67EC}.Release|x64.ActiveCfg = Release|Any CPU
		{FC315C2E-0B66-4E89-A8B0-7ABB718B67EC}.Release|x64.Build.0 = Release|Any CPU
		{FC315C2E-0B66-4E89-A8B0-7ABB718B67EC}.Release|x64.Deploy.0 = Release|Any CPU
		{FC315C2E-0B66-4E89-A8B0-7ABB718B67EC}.Release|x86.ActiveCfg = Release|Any CPU
		{FC315C2E-0B66-4E89-A8B0-7ABB718B67EC}.Release|x86.Build.0 = Release|Any CPU
		{FC315C2E-0B66-4E89-A8B0-7ABB718B67EC}.Release|x86.Deploy.0 = Release|Any CPU
		{FE4658F8-0D12-4E34-B487-FF5816E5750A}.Ad-Hoc|Any CPU.ActiveCfg = Ad-Hoc|iPhone
		{FE4658F8-0D12-4E34-B487-FF5816E5750A}.Ad-Hoc|ARM.ActiveCfg = Ad-Hoc|iPhone
		{FE4658F8-0D12-4E34-B487-FF5816E5750A}.Ad-Hoc|iPhone.ActiveCfg = Ad-Hoc|iPhone
		{FE4658F8-0D12-4E34-B487-FF5816E5750A}.Ad-Hoc|iPhone.Build.0 = Ad-Hoc|iPhone
		{FE4658F8-0D12-4E34-B487-FF5816E5750A}.Ad-Hoc|iPhoneSimulator.ActiveCfg = Ad-Hoc|iPhoneSimulator
		{FE4658F8-0D12-4E34-B487-FF5816E5750A}.Ad-Hoc|iPhoneSimulator.Build.0 = Ad-Hoc|iPhoneSimulator
		{FE4658F8-0D12-4E34-B487-FF5816E5750A}.Ad-Hoc|x64.ActiveCfg = Ad-Hoc|iPhone
		{FE4658F8-0D12-4E34-B487-FF5816E5750A}.Ad-Hoc|x86.ActiveCfg = Ad-Hoc|iPhone
		{FE4658F8-0D12-4E34-B487-FF5816E5750A}.AppStore|Any CPU.ActiveCfg = AppStore|iPhone
		{FE4658F8-0D12-4E34-B487-FF5816E5750A}.AppStore|ARM.ActiveCfg = AppStore|iPhone
		{FE4658F8-0D12-4E34-B487-FF5816E5750A}.AppStore|iPhone.ActiveCfg = AppStore|iPhone
		{FE4658F8-0D12-4E34-B487-FF5816E5750A}.AppStore|iPhone.Build.0 = AppStore|iPhone
		{FE4658F8-0D12-4E34-B487-FF5816E5750A}.AppStore|iPhoneSimulator.ActiveCfg = AppStore|iPhoneSimulator
		{FE4658F8-0D12-4E34-B487-FF5816E5750A}.AppStore|iPhoneSimulator.Build.0 = AppStore|iPhoneSimulator
		{FE4658F8-0D12-4E34-B487-FF5816E5750A}.AppStore|x64.ActiveCfg = AppStore|iPhone
		{FE4658F8-0D12-4E34-B487-FF5816E5750A}.AppStore|x86.ActiveCfg = AppStore|iPhone
		{FE4658F8-0D12-4E34-B487-FF5816E5750A}.Debug|Any CPU.ActiveCfg = Debug|iPhoneSimulator
		{FE4658F8-0D12-4E34-B487-FF5816E5750A}.Debug|ARM.ActiveCfg = Debug|iPhone
		{FE4658F8-0D12-4E34-B487-FF5816E5750A}.Debug|iPhone.ActiveCfg = Debug|iPhone
		{FE4658F8-0D12-4E34-B487-FF5816E5750A}.Debug|iPhone.Build.0 = Debug|iPhone
		{FE4658F8-0D12-4E34-B487-FF5816E5750A}.Debug|iPhoneSimulator.ActiveCfg = Debug|iPhoneSimulator
		{FE4658F8-0D12-4E34-B487-FF5816E5750A}.Debug|iPhoneSimulator.Build.0 = Debug|iPhoneSimulator
		{FE4658F8-0D12-4E34-B487-FF5816E5750A}.Debug|x64.ActiveCfg = Debug|iPhone
		{FE4658F8-0D12-4E34-B487-FF5816E5750A}.Debug|x86.ActiveCfg = Debug|iPhone
		{FE4658F8-0D12-4E34-B487-FF5816E5750A}.Release|Any CPU.ActiveCfg = Release|iPhone
		{FE4658F8-0D12-4E34-B487-FF5816E5750A}.Release|ARM.ActiveCfg = Release|iPhone
		{FE4658F8-0D12-4E34-B487-FF5816E5750A}.Release|iPhone.ActiveCfg = Release|iPhone
		{FE4658F8-0D12-4E34-B487-FF5816E5750A}.Release|iPhone.Build.0 = Release|iPhone
		{FE4658F8-0D12-4E34-B487-FF5816E5750A}.Release|iPhoneSimulator.ActiveCfg = Release|iPhoneSimulator
		{FE4658F8-0D12-4E34-B487-FF5816E5750A}.Release|iPhoneSimulator.Build.0 = Release|iPhoneSimulator
		{FE4658F8-0D12-4E34-B487-FF5816E5750A}.Release|x64.ActiveCfg = Release|iPhone
		{FE4658F8-0D12-4E34-B487-FF5816E5750A}.Release|x86.ActiveCfg = Release|iPhone
		{4E83DE06-9A9E-4342-9284-E56F3125B079}.Ad-Hoc|Any CPU.ActiveCfg = Release|x86
		{4E83DE06-9A9E-4342-9284-E56F3125B079}.Ad-Hoc|Any CPU.Build.0 = Release|x86
		{4E83DE06-9A9E-4342-9284-E56F3125B079}.Ad-Hoc|Any CPU.Deploy.0 = Release|x86
		{4E83DE06-9A9E-4342-9284-E56F3125B079}.Ad-Hoc|ARM.ActiveCfg = Release|ARM
		{4E83DE06-9A9E-4342-9284-E56F3125B079}.Ad-Hoc|ARM.Build.0 = Release|ARM
		{4E83DE06-9A9E-4342-9284-E56F3125B079}.Ad-Hoc|ARM.Deploy.0 = Release|ARM
		{4E83DE06-9A9E-4342-9284-E56F3125B079}.Ad-Hoc|iPhone.ActiveCfg = Release|x86
		{4E83DE06-9A9E-4342-9284-E56F3125B079}.Ad-Hoc|iPhone.Build.0 = Release|x86
		{4E83DE06-9A9E-4342-9284-E56F3125B079}.Ad-Hoc|iPhone.Deploy.0 = Release|x86
		{4E83DE06-9A9E-4342-9284-E56F3125B079}.Ad-Hoc|iPhoneSimulator.ActiveCfg = Release|x86
		{4E83DE06-9A9E-4342-9284-E56F3125B079}.Ad-Hoc|iPhoneSimulator.Build.0 = Release|x86
		{4E83DE06-9A9E-4342-9284-E56F3125B079}.Ad-Hoc|iPhoneSimulator.Deploy.0 = Release|x86
		{4E83DE06-9A9E-4342-9284-E56F3125B079}.Ad-Hoc|x64.ActiveCfg = Release|x64
		{4E83DE06-9A9E-4342-9284-E56F3125B079}.Ad-Hoc|x64.Build.0 = Release|x64
		{4E83DE06-9A9E-4342-9284-E56F3125B079}.Ad-Hoc|x64.Deploy.0 = Release|x64
		{4E83DE06-9A9E-4342-9284-E56F3125B079}.Ad-Hoc|x86.ActiveCfg = Release|x86
		{4E83DE06-9A9E-4342-9284-E56F3125B079}.Ad-Hoc|x86.Build.0 = Release|x86
		{4E83DE06-9A9E-4342-9284-E56F3125B079}.Ad-Hoc|x86.Deploy.0 = Release|x86
		{4E83DE06-9A9E-4342-9284-E56F3125B079}.AppStore|Any CPU.ActiveCfg = Release|x86
		{4E83DE06-9A9E-4342-9284-E56F3125B079}.AppStore|Any CPU.Build.0 = Release|x86
		{4E83DE06-9A9E-4342-9284-E56F3125B079}.AppStore|Any CPU.Deploy.0 = Release|x86
		{4E83DE06-9A9E-4342-9284-E56F3125B079}.AppStore|ARM.ActiveCfg = Release|ARM
		{4E83DE06-9A9E-4342-9284-E56F3125B079}.AppStore|ARM.Build.0 = Release|ARM
		{4E83DE06-9A9E-4342-9284-E56F3125B079}.AppStore|ARM.Deploy.0 = Release|ARM
		{4E83DE06-9A9E-4342-9284-E56F3125B079}.AppStore|iPhone.ActiveCfg = Release|x86
		{4E83DE06-9A9E-4342-9284-E56F3125B079}.AppStore|iPhone.Build.0 = Release|x86
		{4E83DE06-9A9E-4342-9284-E56F3125B079}.AppStore|iPhone.Deploy.0 = Release|x86
		{4E83DE06-9A9E-4342-9284-E56F3125B079}.AppStore|iPhoneSimulator.ActiveCfg = Release|x86
		{4E83DE06-9A9E-4342-9284-E56F3125B079}.AppStore|iPhoneSimulator.Build.0 = Release|x86
		{4E83DE06-9A9E-4342-9284-E56F3125B079}.AppStore|iPhoneSimulator.Deploy.0 = Release|x86
		{4E83DE06-9A9E-4342-9284-E56F3125B079}.AppStore|x64.ActiveCfg = Release|x64
		{4E83DE06-9A9E-4342-9284-E56F3125B079}.AppStore|x64.Build.0 = Release|x64
		{4E83DE06-9A9E-4342-9284-E56F3125B079}.AppStore|x64.Deploy.0 = Release|x64
		{4E83DE06-9A9E-4342-9284-E56F3125B079}.AppStore|x86.ActiveCfg = Release|x86
		{4E83DE06-9A9E-4342-9284-E56F3125B079}.AppStore|x86.Build.0 = Release|x86
		{4E83DE06-9A9E-4342-9284-E56F3125B079}.AppStore|x86.Deploy.0 = Release|x86
		{4E83DE06-9A9E-4342-9284-E56F3125B079}.Debug|Any CPU.ActiveCfg = Debug|x86
		{4E83DE06-9A9E-4342-9284-E56F3125B079}.Debug|Any CPU.Build.0 = Debug|x86
		{4E83DE06-9A9E-4342-9284-E56F3125B079}.Debug|Any CPU.Deploy.0 = Debug|x86
		{4E83DE06-9A9E-4342-9284-E56F3125B079}.Debug|ARM.ActiveCfg = Debug|ARM
		{4E83DE06-9A9E-4342-9284-E56F3125B079}.Debug|ARM.Build.0 = Debug|ARM
		{4E83DE06-9A9E-4342-9284-E56F3125B079}.Debug|ARM.Deploy.0 = Debug|ARM
		{4E83DE06-9A9E-4342-9284-E56F3125B079}.Debug|iPhone.ActiveCfg = Debug|x86
		{4E83DE06-9A9E-4342-9284-E56F3125B079}.Debug|iPhoneSimulator.ActiveCfg = Debug|x86
		{4E83DE06-9A9E-4342-9284-E56F3125B079}.Debug|iPhoneSimulator.Build.0 = Debug|x86
		{4E83DE06-9A9E-4342-9284-E56F3125B079}.Debug|iPhoneSimulator.Deploy.0 = Debug|x86
		{4E83DE06-9A9E-4342-9284-E56F3125B079}.Debug|x64.ActiveCfg = Debug|x64
		{4E83DE06-9A9E-4342-9284-E56F3125B079}.Debug|x64.Build.0 = Debug|x64
		{4E83DE06-9A9E-4342-9284-E56F3125B079}.Debug|x64.Deploy.0 = Debug|x64
		{4E83DE06-9A9E-4342-9284-E56F3125B079}.Debug|x86.ActiveCfg = Debug|x86
		{4E83DE06-9A9E-4342-9284-E56F3125B079}.Debug|x86.Build.0 = Debug|x86
		{4E83DE06-9A9E-4342-9284-E56F3125B079}.Debug|x86.Deploy.0 = Debug|x86
		{4E83DE06-9A9E-4342-9284-E56F3125B079}.Release|Any CPU.ActiveCfg = Release|x86
		{4E83DE06-9A9E-4342-9284-E56F3125B079}.Release|ARM.ActiveCfg = Release|ARM
		{4E83DE06-9A9E-4342-9284-E56F3125B079}.Release|ARM.Build.0 = Release|ARM
		{4E83DE06-9A9E-4342-9284-E56F3125B079}.Release|ARM.Deploy.0 = Release|ARM
		{4E83DE06-9A9E-4342-9284-E56F3125B079}.Release|iPhone.ActiveCfg = Release|x86
		{4E83DE06-9A9E-4342-9284-E56F3125B079}.Release|iPhoneSimulator.ActiveCfg = Release|x86
		{4E83DE06-9A9E-4342-9284-E56F3125B079}.Release|x64.ActiveCfg = Release|x64
		{4E83DE06-9A9E-4342-9284-E56F3125B079}.Release|x64.Build.0 = Release|x64
		{4E83DE06-9A9E-4342-9284-E56F3125B079}.Release|x64.Deploy.0 = Release|x64
		{4E83DE06-9A9E-4342-9284-E56F3125B079}.Release|x86.ActiveCfg = Release|x86
		{4E83DE06-9A9E-4342-9284-E56F3125B079}.Release|x86.Build.0 = Release|x86
		{4E83DE06-9A9E-4342-9284-E56F3125B079}.Release|x86.Deploy.0 = Release|x86
	EndGlobalSection
	GlobalSection(SolutionProperties) = preSolution
		HideSolutionNode = FALSE
	EndGlobalSection
EndGlobal
