
Microsoft Visual Studio Solution File, Format Version 12.00
# Visual Studio 14
VisualStudioVersion = 14.0.25123.0
MinimumVisualStudioVersion = 10.0.40219.1
Project("{FAE04EC0-301F-11D3-BF4B-00C04F79EFBC}") = "TheCakesWizard.Droid", "TheCakesWizard\TheCakesWizard.Droid\TheCakesWizard.Droid.csproj", "{89D94094-3E7D-4C8F-BCC2-E8C52180189C}"
EndProject
Project("{FAE04EC0-301F-11D3-BF4B-00C04F79EFBC}") = "TheCakesWizard.iOS", "TheCakesWizard\TheCakesWizard.iOS\TheCakesWizard.iOS.csproj", "{5FBA043A-2E6A-4EF1-B12C-605849B7708D}"
EndProject
Project("{FAE04EC0-301F-11D3-BF4B-00C04F79EFBC}") = "TheCakesWizard.UWP", "TheCakesWizard\TheCakesWizard.UWP\TheCakesWizard.UWP.csproj", "{39FF6718-FF11-45FE-9AD3-3BF2BF86F187}"
EndProject
Project("{FAE04EC0-301F-11D3-BF4B-00C04F79EFBC}") = "TheCakesWizard", "TheCakesWizard\TheCakesWizard\TheCakesWizard.csproj", "{5CE59845-DB39-4DF5-B183-0BA6D324764A}"
EndProject
Global
	GlobalSection(SolutionConfigurationPlatforms) = preSolution
		Ad-Hoc|Any CPU = Ad-Hoc|Any CPU
		Ad-Hoc|ARM = Ad-Hoc|ARM
		Ad-Hoc|iPhone = Ad-Hoc|iPhone
		Ad-Hoc|iPhoneSimulator = Ad-Hoc|iPhoneSimulator
		Ad-Hoc|x64 = Ad-Hoc|x64
		Ad-Hoc|x86 = Ad-Hoc|x86
		AppStore|Any CPU = AppStore|Any CPU
		AppStore|ARM = AppStore|ARM
		AppStore|iPhone = AppStore|iPhone
		AppStore|iPhoneSimulator = AppStore|iPhoneSimulator
		AppStore|x64 = AppStore|x64
		AppStore|x86 = AppStore|x86
		Debug|Any CPU = Debug|Any CPU
		Debug|ARM = Debug|ARM
		Debug|iPhone = Debug|iPhone
		Debug|iPhoneSimulator = Debug|iPhoneSimulator
		Debug|x64 = Debug|x64
		Debug|x86 = Debug|x86
		Release|Any CPU = Release|Any CPU
		Release|ARM = Release|ARM
		Release|iPhone = Release|iPhone
		Release|iPhoneSimulator = Release|iPhoneSimulator
		Release|x64 = Release|x64
		Release|x86 = Release|x86
	EndGlobalSection
	GlobalSection(ProjectConfigurationPlatforms) = postSolution
		{89D94094-3E7D-4C8F-BCC2-E8C52180189C}.Ad-Hoc|Any CPU.ActiveCfg = Release|Any CPU
		{89D94094-3E7D-4C8F-BCC2-E8C52180189C}.Ad-Hoc|Any CPU.Build.0 = Release|Any CPU
		{89D94094-3E7D-4C8F-BCC2-E8C52180189C}.Ad-Hoc|Any CPU.Deploy.0 = Release|Any CPU
		{89D94094-3E7D-4C8F-BCC2-E8C52180189C}.Ad-Hoc|ARM.ActiveCfg = Release|Any CPU
		{89D94094-3E7D-4C8F-BCC2-E8C52180189C}.Ad-Hoc|ARM.Build.0 = Release|Any CPU
		{89D94094-3E7D-4C8F-BCC2-E8C52180189C}.Ad-Hoc|ARM.Deploy.0 = Release|Any CPU
		{89D94094-3E7D-4C8F-BCC2-E8C52180189C}.Ad-Hoc|iPhone.ActiveCfg = Release|Any CPU
		{89D94094-3E7D-4C8F-BCC2-E8C52180189C}.Ad-Hoc|iPhone.Build.0 = Release|Any CPU
		{89D94094-3E7D-4C8F-BCC2-E8C52180189C}.Ad-Hoc|iPhone.Deploy.0 = Release|Any CPU
		{89D94094-3E7D-4C8F-BCC2-E8C52180189C}.Ad-Hoc|iPhoneSimulator.ActiveCfg = Release|Any CPU
		{89D94094-3E7D-4C8F-BCC2-E8C52180189C}.Ad-Hoc|iPhoneSimulator.Build.0 = Release|Any CPU
		{89D94094-3E7D-4C8F-BCC2-E8C52180189C}.Ad-Hoc|iPhoneSimulator.Deploy.0 = Release|Any CPU
		{89D94094-3E7D-4C8F-BCC2-E8C52180189C}.Ad-Hoc|x64.ActiveCfg = Release|Any CPU
		{89D94094-3E7D-4C8F-BCC2-E8C52180189C}.Ad-Hoc|x64.Build.0 = Release|Any CPU
		{89D94094-3E7D-4C8F-BCC2-E8C52180189C}.Ad-Hoc|x64.Deploy.0 = Release|Any CPU
		{89D94094-3E7D-4C8F-BCC2-E8C52180189C}.Ad-Hoc|x86.ActiveCfg = Release|Any CPU
		{89D94094-3E7D-4C8F-BCC2-E8C52180189C}.Ad-Hoc|x86.Build.0 = Release|Any CPU
		{89D94094-3E7D-4C8F-BCC2-E8C52180189C}.Ad-Hoc|x86.Deploy.0 = Release|Any CPU
		{89D94094-3E7D-4C8F-BCC2-E8C52180189C}.AppStore|Any CPU.ActiveCfg = Release|Any CPU
		{89D94094-3E7D-4C8F-BCC2-E8C52180189C}.AppStore|Any CPU.Build.0 = Release|Any CPU
		{89D94094-3E7D-4C8F-BCC2-E8C52180189C}.AppStore|Any CPU.Deploy.0 = Release|Any CPU
		{89D94094-3E7D-4C8F-BCC2-E8C52180189C}.AppStore|ARM.ActiveCfg = Release|Any CPU
		{89D94094-3E7D-4C8F-BCC2-E8C52180189C}.AppStore|ARM.Build.0 = Release|Any CPU
		{89D94094-3E7D-4C8F-BCC2-E8C52180189C}.AppStore|ARM.Deploy.0 = Release|Any CPU
		{89D94094-3E7D-4C8F-BCC2-E8C52180189C}.AppStore|iPhone.ActiveCfg = Release|Any CPU
		{89D94094-3E7D-4C8F-BCC2-E8C52180189C}.AppStore|iPhone.Build.0 = Release|Any CPU
		{89D94094-3E7D-4C8F-BCC2-E8C52180189C}.AppStore|iPhone.Deploy.0 = Release|Any CPU
		{89D94094-3E7D-4C8F-BCC2-E8C52180189C}.AppStore|iPhoneSimulator.ActiveCfg = Release|Any CPU
		{89D94094-3E7D-4C8F-BCC2-E8C52180189C}.AppStore|iPhoneSimulator.Build.0 = Release|Any CPU
		{89D94094-3E7D-4C8F-BCC2-E8C52180189C}.AppStore|iPhoneSimulator.Deploy.0 = Release|Any CPU
		{89D94094-3E7D-4C8F-BCC2-E8C52180189C}.AppStore|x64.ActiveCfg = Release|Any CPU
		{89D94094-3E7D-4C8F-BCC2-E8C52180189C}.AppStore|x64.Build.0 = Release|Any CPU
		{89D94094-3E7D-4C8F-BCC2-E8C52180189C}.AppStore|x64.Deploy.0 = Release|Any CPU
		{89D94094-3E7D-4C8F-BCC2-E8C52180189C}.AppStore|x86.ActiveCfg = Release|Any CPU
		{89D94094-3E7D-4C8F-BCC2-E8C52180189C}.AppStore|x86.Build.0 = Release|Any CPU
		{89D94094-3E7D-4C8F-BCC2-E8C52180189C}.AppStore|x86.Deploy.0 = Release|Any CPU
		{89D94094-3E7D-4C8F-BCC2-E8C52180189C}.Debug|Any CPU.ActiveCfg = Debug|Any CPU
		{89D94094-3E7D-4C8F-BCC2-E8C52180189C}.Debug|Any CPU.Build.0 = Debug|Any CPU
		{89D94094-3E7D-4C8F-BCC2-E8C52180189C}.Debug|Any CPU.Deploy.0 = Debug|Any CPU
		{89D94094-3E7D-4C8F-BCC2-E8C52180189C}.Debug|ARM.ActiveCfg = Debug|Any CPU
		{89D94094-3E7D-4C8F-BCC2-E8C52180189C}.Debug|ARM.Build.0 = Debug|Any CPU
		{89D94094-3E7D-4C8F-BCC2-E8C52180189C}.Debug|ARM.Deploy.0 = Debug|Any CPU
		{89D94094-3E7D-4C8F-BCC2-E8C52180189C}.Debug|iPhone.ActiveCfg = Debug|Any CPU
		{89D94094-3E7D-4C8F-BCC2-E8C52180189C}.Debug|iPhone.Build.0 = Debug|Any CPU
		{89D94094-3E7D-4C8F-BCC2-E8C52180189C}.Debug|iPhone.Deploy.0 = Debug|Any CPU
		{89D94094-3E7D-4C8F-BCC2-E8C52180189C}.Debug|iPhoneSimulator.ActiveCfg = Debug|Any CPU
		{89D94094-3E7D-4C8F-BCC2-E8C52180189C}.Debug|iPhoneSimulator.Build.0 = Debug|Any CPU
		{89D94094-3E7D-4C8F-BCC2-E8C52180189C}.Debug|iPhoneSimulator.Deploy.0 = Debug|Any CPU
		{89D94094-3E7D-4C8F-BCC2-E8C52180189C}.Debug|x64.ActiveCfg = Debug|Any CPU
		{89D94094-3E7D-4C8F-BCC2-E8C52180189C}.Debug|x64.Build.0 = Debug|Any CPU
		{89D94094-3E7D-4C8F-BCC2-E8C52180189C}.Debug|x64.Deploy.0 = Debug|Any CPU
		{89D94094-3E7D-4C8F-BCC2-E8C52180189C}.Debug|x86.ActiveCfg = Debug|Any CPU
		{89D94094-3E7D-4C8F-BCC2-E8C52180189C}.Debug|x86.Build.0 = Debug|Any CPU
		{89D94094-3E7D-4C8F-BCC2-E8C52180189C}.Debug|x86.Deploy.0 = Debug|Any CPU
		{89D94094-3E7D-4C8F-BCC2-E8C52180189C}.Release|Any CPU.ActiveCfg = Release|Any CPU
		{89D94094-3E7D-4C8F-BCC2-E8C52180189C}.Release|Any CPU.Build.0 = Release|Any CPU
		{89D94094-3E7D-4C8F-BCC2-E8C52180189C}.Release|Any CPU.Deploy.0 = Release|Any CPU
		{89D94094-3E7D-4C8F-BCC2-E8C52180189C}.Release|ARM.ActiveCfg = Release|Any CPU
		{89D94094-3E7D-4C8F-BCC2-E8C52180189C}.Release|ARM.Build.0 = Release|Any CPU
		{89D94094-3E7D-4C8F-BCC2-E8C52180189C}.Release|ARM.Deploy.0 = Release|Any CPU
		{89D94094-3E7D-4C8F-BCC2-E8C52180189C}.Release|iPhone.ActiveCfg = Release|Any CPU
		{89D94094-3E7D-4C8F-BCC2-E8C52180189C}.Release|iPhone.Build.0 = Release|Any CPU
		{89D94094-3E7D-4C8F-BCC2-E8C52180189C}.Release|iPhone.Deploy.0 = Release|Any CPU
		{89D94094-3E7D-4C8F-BCC2-E8C52180189C}.Release|iPhoneSimulator.ActiveCfg = Release|Any CPU
		{89D94094-3E7D-4C8F-BCC2-E8C52180189C}.Release|iPhoneSimulator.Build.0 = Release|Any CPU
		{89D94094-3E7D-4C8F-BCC2-E8C52180189C}.Release|iPhoneSimulator.Deploy.0 = Release|Any CPU
		{89D94094-3E7D-4C8F-BCC2-E8C52180189C}.Release|x64.ActiveCfg = Release|Any CPU
		{89D94094-3E7D-4C8F-BCC2-E8C52180189C}.Release|x64.Build.0 = Release|Any CPU
		{89D94094-3E7D-4C8F-BCC2-E8C52180189C}.Release|x64.Deploy.0 = Release|Any CPU
		{89D94094-3E7D-4C8F-BCC2-E8C52180189C}.Release|x86.ActiveCfg = Release|Any CPU
		{89D94094-3E7D-4C8F-BCC2-E8C52180189C}.Release|x86.Build.0 = Release|Any CPU
		{89D94094-3E7D-4C8F-BCC2-E8C52180189C}.Release|x86.Deploy.0 = Release|Any CPU
		{5FBA043A-2E6A-4EF1-B12C-605849B7708D}.Ad-Hoc|Any CPU.ActiveCfg = Ad-Hoc|iPhone
		{5FBA043A-2E6A-4EF1-B12C-605849B7708D}.Ad-Hoc|ARM.ActiveCfg = Ad-Hoc|iPhone
		{5FBA043A-2E6A-4EF1-B12C-605849B7708D}.Ad-Hoc|iPhone.ActiveCfg = Ad-Hoc|iPhone
		{5FBA043A-2E6A-4EF1-B12C-605849B7708D}.Ad-Hoc|iPhone.Build.0 = Ad-Hoc|iPhone
		{5FBA043A-2E6A-4EF1-B12C-605849B7708D}.Ad-Hoc|iPhoneSimulator.ActiveCfg = Ad-Hoc|iPhoneSimulator
		{5FBA043A-2E6A-4EF1-B12C-605849B7708D}.Ad-Hoc|iPhoneSimulator.Build.0 = Ad-Hoc|iPhoneSimulator
		{5FBA043A-2E6A-4EF1-B12C-605849B7708D}.Ad-Hoc|x64.ActiveCfg = Ad-Hoc|iPhone
		{5FBA043A-2E6A-4EF1-B12C-605849B7708D}.Ad-Hoc|x86.ActiveCfg = Ad-Hoc|iPhone
		{5FBA043A-2E6A-4EF1-B12C-605849B7708D}.AppStore|Any CPU.ActiveCfg = AppStore|iPhone
		{5FBA043A-2E6A-4EF1-B12C-605849B7708D}.AppStore|ARM.ActiveCfg = AppStore|iPhone
		{5FBA043A-2E6A-4EF1-B12C-605849B7708D}.AppStore|iPhone.ActiveCfg = AppStore|iPhone
		{5FBA043A-2E6A-4EF1-B12C-605849B7708D}.AppStore|iPhone.Build.0 = AppStore|iPhone
		{5FBA043A-2E6A-4EF1-B12C-605849B7708D}.AppStore|iPhoneSimulator.ActiveCfg = AppStore|iPhoneSimulator
		{5FBA043A-2E6A-4EF1-B12C-605849B7708D}.AppStore|iPhoneSimulator.Build.0 = AppStore|iPhoneSimulator
		{5FBA043A-2E6A-4EF1-B12C-605849B7708D}.AppStore|x64.ActiveCfg = AppStore|iPhone
		{5FBA043A-2E6A-4EF1-B12C-605849B7708D}.AppStore|x86.ActiveCfg = AppStore|iPhone
		{5FBA043A-2E6A-4EF1-B12C-605849B7708D}.Debug|Any CPU.ActiveCfg = Debug|iPhone
		{5FBA043A-2E6A-4EF1-B12C-605849B7708D}.Debug|ARM.ActiveCfg = Debug|iPhone
		{5FBA043A-2E6A-4EF1-B12C-605849B7708D}.Debug|iPhone.ActiveCfg = Debug|iPhone
		{5FBA043A-2E6A-4EF1-B12C-605849B7708D}.Debug|iPhone.Build.0 = Debug|iPhone
		{5FBA043A-2E6A-4EF1-B12C-605849B7708D}.Debug|iPhoneSimulator.ActiveCfg = Debug|iPhoneSimulator
		{5FBA043A-2E6A-4EF1-B12C-605849B7708D}.Debug|iPhoneSimulator.Build.0 = Debug|iPhoneSimulator
		{5FBA043A-2E6A-4EF1-B12C-605849B7708D}.Debug|x64.ActiveCfg = Debug|iPhone
		{5FBA043A-2E6A-4EF1-B12C-605849B7708D}.Debug|x86.ActiveCfg = Debug|iPhone
		{5FBA043A-2E6A-4EF1-B12C-605849B7708D}.Release|Any CPU.ActiveCfg = Release|iPhone
		{5FBA043A-2E6A-4EF1-B12C-605849B7708D}.Release|ARM.ActiveCfg = Release|iPhone
		{5FBA043A-2E6A-4EF1-B12C-605849B7708D}.Release|iPhone.ActiveCfg = Release|iPhone
		{5FBA043A-2E6A-4EF1-B12C-605849B7708D}.Release|iPhone.Build.0 = Release|iPhone
		{5FBA043A-2E6A-4EF1-B12C-605849B7708D}.Release|iPhoneSimulator.ActiveCfg = Release|iPhoneSimulator
		{5FBA043A-2E6A-4EF1-B12C-605849B7708D}.Release|iPhoneSimulator.Build.0 = Release|iPhoneSimulator
		{5FBA043A-2E6A-4EF1-B12C-605849B7708D}.Release|x64.ActiveCfg = Release|iPhone
		{5FBA043A-2E6A-4EF1-B12C-605849B7708D}.Release|x86.ActiveCfg = Release|iPhone
		{39FF6718-FF11-45FE-9AD3-3BF2BF86F187}.Ad-Hoc|Any CPU.ActiveCfg = Release|x86
		{39FF6718-FF11-45FE-9AD3-3BF2BF86F187}.Ad-Hoc|Any CPU.Build.0 = Release|x86
		{39FF6718-FF11-45FE-9AD3-3BF2BF86F187}.Ad-Hoc|Any CPU.Deploy.0 = Release|x86
		{39FF6718-FF11-45FE-9AD3-3BF2BF86F187}.Ad-Hoc|ARM.ActiveCfg = Release|ARM
		{39FF6718-FF11-45FE-9AD3-3BF2BF86F187}.Ad-Hoc|ARM.Build.0 = Release|ARM
		{39FF6718-FF11-45FE-9AD3-3BF2BF86F187}.Ad-Hoc|ARM.Deploy.0 = Release|ARM
		{39FF6718-FF11-45FE-9AD3-3BF2BF86F187}.Ad-Hoc|iPhone.ActiveCfg = Release|x86
		{39FF6718-FF11-45FE-9AD3-3BF2BF86F187}.Ad-Hoc|iPhone.Build.0 = Release|x86
		{39FF6718-FF11-45FE-9AD3-3BF2BF86F187}.Ad-Hoc|iPhone.Deploy.0 = Release|x86
		{39FF6718-FF11-45FE-9AD3-3BF2BF86F187}.Ad-Hoc|iPhoneSimulator.ActiveCfg = Release|x86
		{39FF6718-FF11-45FE-9AD3-3BF2BF86F187}.Ad-Hoc|iPhoneSimulator.Build.0 = Release|x86
		{39FF6718-FF11-45FE-9AD3-3BF2BF86F187}.Ad-Hoc|iPhoneSimulator.Deploy.0 = Release|x86
		{39FF6718-FF11-45FE-9AD3-3BF2BF86F187}.Ad-Hoc|x64.ActiveCfg = Release|x64
		{39FF6718-FF11-45FE-9AD3-3BF2BF86F187}.Ad-Hoc|x64.Build.0 = Release|x64
		{39FF6718-FF11-45FE-9AD3-3BF2BF86F187}.Ad-Hoc|x64.Deploy.0 = Release|x64
		{39FF6718-FF11-45FE-9AD3-3BF2BF86F187}.Ad-Hoc|x86.ActiveCfg = Release|x86
		{39FF6718-FF11-45FE-9AD3-3BF2BF86F187}.Ad-Hoc|x86.Build.0 = Release|x86
		{39FF6718-FF11-45FE-9AD3-3BF2BF86F187}.Ad-Hoc|x86.Deploy.0 = Release|x86
		{39FF6718-FF11-45FE-9AD3-3BF2BF86F187}.AppStore|Any CPU.ActiveCfg = Release|x86
		{39FF6718-FF11-45FE-9AD3-3BF2BF86F187}.AppStore|Any CPU.Build.0 = Release|x86
		{39FF6718-FF11-45FE-9AD3-3BF2BF86F187}.AppStore|Any CPU.Deploy.0 = Release|x86
		{39FF6718-FF11-45FE-9AD3-3BF2BF86F187}.AppStore|ARM.ActiveCfg = Release|ARM
		{39FF6718-FF11-45FE-9AD3-3BF2BF86F187}.AppStore|ARM.Build.0 = Release|ARM
		{39FF6718-FF11-45FE-9AD3-3BF2BF86F187}.AppStore|ARM.Deploy.0 = Release|ARM
		{39FF6718-FF11-45FE-9AD3-3BF2BF86F187}.AppStore|iPhone.ActiveCfg = Release|x86
		{39FF6718-FF11-45FE-9AD3-3BF2BF86F187}.AppStore|iPhone.Build.0 = Release|x86
		{39FF6718-FF11-45FE-9AD3-3BF2BF86F187}.AppStore|iPhone.Deploy.0 = Release|x86
		{39FF6718-FF11-45FE-9AD3-3BF2BF86F187}.AppStore|iPhoneSimulator.ActiveCfg = Release|x86
		{39FF6718-FF11-45FE-9AD3-3BF2BF86F187}.AppStore|iPhoneSimulator.Build.0 = Release|x86
		{39FF6718-FF11-45FE-9AD3-3BF2BF86F187}.AppStore|iPhoneSimulator.Deploy.0 = Release|x86
		{39FF6718-FF11-45FE-9AD3-3BF2BF86F187}.AppStore|x64.ActiveCfg = Release|x64
		{39FF6718-FF11-45FE-9AD3-3BF2BF86F187}.AppStore|x64.Build.0 = Release|x64
		{39FF6718-FF11-45FE-9AD3-3BF2BF86F187}.AppStore|x64.Deploy.0 = Release|x64
		{39FF6718-FF11-45FE-9AD3-3BF2BF86F187}.AppStore|x86.ActiveCfg = Release|x86
		{39FF6718-FF11-45FE-9AD3-3BF2BF86F187}.AppStore|x86.Build.0 = Release|x86
		{39FF6718-FF11-45FE-9AD3-3BF2BF86F187}.AppStore|x86.Deploy.0 = Release|x86
		{39FF6718-FF11-45FE-9AD3-3BF2BF86F187}.Debug|Any CPU.ActiveCfg = Debug|x86
		{39FF6718-FF11-45FE-9AD3-3BF2BF86F187}.Debug|ARM.ActiveCfg = Debug|ARM
		{39FF6718-FF11-45FE-9AD3-3BF2BF86F187}.Debug|ARM.Build.0 = Debug|ARM
		{39FF6718-FF11-45FE-9AD3-3BF2BF86F187}.Debug|ARM.Deploy.0 = Debug|ARM
		{39FF6718-FF11-45FE-9AD3-3BF2BF86F187}.Debug|iPhone.ActiveCfg = Debug|x86
		{39FF6718-FF11-45FE-9AD3-3BF2BF86F187}.Debug|iPhoneSimulator.ActiveCfg = Debug|x86
		{39FF6718-FF11-45FE-9AD3-3BF2BF86F187}.Debug|x64.ActiveCfg = Debug|x64
		{39FF6718-FF11-45FE-9AD3-3BF2BF86F187}.Debug|x64.Build.0 = Debug|x64
		{39FF6718-FF11-45FE-9AD3-3BF2BF86F187}.Debug|x64.Deploy.0 = Debug|x64
		{39FF6718-FF11-45FE-9AD3-3BF2BF86F187}.Debug|x86.ActiveCfg = Debug|x86
		{39FF6718-FF11-45FE-9AD3-3BF2BF86F187}.Debug|x86.Build.0 = Debug|x86
		{39FF6718-FF11-45FE-9AD3-3BF2BF86F187}.Debug|x86.Deploy.0 = Debug|x86
		{39FF6718-FF11-45FE-9AD3-3BF2BF86F187}.Release|Any CPU.ActiveCfg = Release|x86
		{39FF6718-FF11-45FE-9AD3-3BF2BF86F187}.Release|ARM.ActiveCfg = Release|ARM
		{39FF6718-FF11-45FE-9AD3-3BF2BF86F187}.Release|ARM.Build.0 = Release|ARM
		{39FF6718-FF11-45FE-9AD3-3BF2BF86F187}.Release|ARM.Deploy.0 = Release|ARM
		{39FF6718-FF11-45FE-9AD3-3BF2BF86F187}.Release|iPhone.ActiveCfg = Release|x86
		{39FF6718-FF11-45FE-9AD3-3BF2BF86F187}.Release|iPhoneSimulator.ActiveCfg = Release|x86
		{39FF6718-FF11-45FE-9AD3-3BF2BF86F187}.Release|x64.ActiveCfg = Release|x64
		{39FF6718-FF11-45FE-9AD3-3BF2BF86F187}.Release|x64.Build.0 = Release|x64
		{39FF6718-FF11-45FE-9AD3-3BF2BF86F187}.Release|x64.Deploy.0 = Release|x64
		{39FF6718-FF11-45FE-9AD3-3BF2BF86F187}.Release|x86.ActiveCfg = Release|x86
		{39FF6718-FF11-45FE-9AD3-3BF2BF86F187}.Release|x86.Build.0 = Release|x86
		{39FF6718-FF11-45FE-9AD3-3BF2BF86F187}.Release|x86.Deploy.0 = Release|x86
		{5CE59845-DB39-4DF5-B183-0BA6D324764A}.Ad-Hoc|Any CPU.ActiveCfg = Release|Any CPU
		{5CE59845-DB39-4DF5-B183-0BA6D324764A}.Ad-Hoc|Any CPU.Build.0 = Release|Any CPU
		{5CE59845-DB39-4DF5-B183-0BA6D324764A}.Ad-Hoc|ARM.ActiveCfg = Release|Any CPU
		{5CE59845-DB39-4DF5-B183-0BA6D324764A}.Ad-Hoc|ARM.Build.0 = Release|Any CPU
		{5CE59845-DB39-4DF5-B183-0BA6D324764A}.Ad-Hoc|iPhone.ActiveCfg = Release|Any CPU
		{5CE59845-DB39-4DF5-B183-0BA6D324764A}.Ad-Hoc|iPhone.Build.0 = Release|Any CPU
		{5CE59845-DB39-4DF5-B183-0BA6D324764A}.Ad-Hoc|iPhoneSimulator.ActiveCfg = Release|Any CPU
		{5CE59845-DB39-4DF5-B183-0BA6D324764A}.Ad-Hoc|iPhoneSimulator.Build.0 = Release|Any CPU
		{5CE59845-DB39-4DF5-B183-0BA6D324764A}.Ad-Hoc|x64.ActiveCfg = Release|Any CPU
		{5CE59845-DB39-4DF5-B183-0BA6D324764A}.Ad-Hoc|x64.Build.0 = Release|Any CPU
		{5CE59845-DB39-4DF5-B183-0BA6D324764A}.Ad-Hoc|x86.ActiveCfg = Release|Any CPU
		{5CE59845-DB39-4DF5-B183-0BA6D324764A}.Ad-Hoc|x86.Build.0 = Release|Any CPU
		{5CE59845-DB39-4DF5-B183-0BA6D324764A}.AppStore|Any CPU.ActiveCfg = Release|Any CPU
		{5CE59845-DB39-4DF5-B183-0BA6D324764A}.AppStore|Any CPU.Build.0 = Release|Any CPU
		{5CE59845-DB39-4DF5-B183-0BA6D324764A}.AppStore|ARM.ActiveCfg = Release|Any CPU
		{5CE59845-DB39-4DF5-B183-0BA6D324764A}.AppStore|ARM.Build.0 = Release|Any CPU
		{5CE59845-DB39-4DF5-B183-0BA6D324764A}.AppStore|iPhone.ActiveCfg = Release|Any CPU
		{5CE59845-DB39-4DF5-B183-0BA6D324764A}.AppStore|iPhone.Build.0 = Release|Any CPU
		{5CE59845-DB39-4DF5-B183-0BA6D324764A}.AppStore|iPhoneSimulator.ActiveCfg = Release|Any CPU
		{5CE59845-DB39-4DF5-B183-0BA6D324764A}.AppStore|iPhoneSimulator.Build.0 = Release|Any CPU
		{5CE59845-DB39-4DF5-B183-0BA6D324764A}.AppStore|x64.ActiveCfg = Release|Any CPU
		{5CE59845-DB39-4DF5-B183-0BA6D324764A}.AppStore|x64.Build.0 = Release|Any CPU
		{5CE59845-DB39-4DF5-B183-0BA6D324764A}.AppStore|x86.ActiveCfg = Release|Any CPU
		{5CE59845-DB39-4DF5-B183-0BA6D324764A}.AppStore|x86.Build.0 = Release|Any CPU
		{5CE59845-DB39-4DF5-B183-0BA6D324764A}.Debug|Any CPU.ActiveCfg = Debug|Any CPU
		{5CE59845-DB39-4DF5-B183-0BA6D324764A}.Debug|Any CPU.Build.0 = Debug|Any CPU
		{5CE59845-DB39-4DF5-B183-0BA6D324764A}.Debug|ARM.ActiveCfg = Debug|Any CPU
		{5CE59845-DB39-4DF5-B183-0BA6D324764A}.Debug|ARM.Build.0 = Debug|Any CPU
		{5CE59845-DB39-4DF5-B183-0BA6D324764A}.Debug|iPhone.ActiveCfg = Debug|Any CPU
		{5CE59845-DB39-4DF5-B183-0BA6D324764A}.Debug|iPhone.Build.0 = Debug|Any CPU
		{5CE59845-DB39-4DF5-B183-0BA6D324764A}.Debug|iPhoneSimulator.ActiveCfg = Debug|Any CPU
		{5CE59845-DB39-4DF5-B183-0BA6D324764A}.Debug|iPhoneSimulator.Build.0 = Debug|Any CPU
		{5CE59845-DB39-4DF5-B183-0BA6D324764A}.Debug|x64.ActiveCfg = Debug|Any CPU
		{5CE59845-DB39-4DF5-B183-0BA6D324764A}.Debug|x64.Build.0 = Debug|Any CPU
		{5CE59845-DB39-4DF5-B183-0BA6D324764A}.Debug|x86.ActiveCfg = Debug|Any CPU
		{5CE59845-DB39-4DF5-B183-0BA6D324764A}.Debug|x86.Build.0 = Debug|Any CPU
		{5CE59845-DB39-4DF5-B183-0BA6D324764A}.Release|Any CPU.ActiveCfg = Release|Any CPU
		{5CE59845-DB39-4DF5-B183-0BA6D324764A}.Release|Any CPU.Build.0 = Release|Any CPU
		{5CE59845-DB39-4DF5-B183-0BA6D324764A}.Release|ARM.ActiveCfg = Release|Any CPU
		{5CE59845-DB39-4DF5-B183-0BA6D324764A}.Release|ARM.Build.0 = Release|Any CPU
		{5CE59845-DB39-4DF5-B183-0BA6D324764A}.Release|iPhone.ActiveCfg = Release|Any CPU
		{5CE59845-DB39-4DF5-B183-0BA6D324764A}.Release|iPhone.Build.0 = Release|Any CPU
		{5CE59845-DB39-4DF5-B183-0BA6D324764A}.Release|iPhoneSimulator.ActiveCfg = Release|Any CPU
		{5CE59845-DB39-4DF5-B183-0BA6D324764A}.Release|iPhoneSimulator.Build.0 = Release|Any CPU
		{5CE59845-DB39-4DF5-B183-0BA6D324764A}.Release|x64.ActiveCfg = Release|Any CPU
		{5CE59845-DB39-4DF5-B183-0BA6D324764A}.Release|x64.Build.0 = Release|Any CPU
		{5CE59845-DB39-4DF5-B183-0BA6D324764A}.Release|x86.ActiveCfg = Release|Any CPU
		{5CE59845-DB39-4DF5-B183-0BA6D324764A}.Release|x86.Build.0 = Release|Any CPU
	EndGlobalSection
	GlobalSection(SolutionProperties) = preSolution
		HideSolutionNode = FALSE
	EndGlobalSection
EndGlobal
